
Microsoft Visual Studio Solution File, Format Version 12.00
# Visual Studio 15
VisualStudioVersion = 15.0.28307.705
MinimumVisualStudioVersion = 10.0.40219.1
Project("{FAE04EC0-301F-11D3-BF4B-00C04F79EFBC}") = "TokenBasedAuthentication", "TokenBasedAuthentication\TokenBasedAuthentication.csproj", "{32951BA8-08FF-4034-89FE-19BB650C8450}"
EndProject
Global
	GlobalSection(SolutionConfigurationPlatforms) = preSolution
		Debug|Any CPU = Debug|Any CPU
		Release|Any CPU = Release|Any CPU
	EndGlobalSection
	GlobalSection(ProjectConfigurationPlatforms) = postSolution
		{32951BA8-08FF-4034-89FE-19BB650C8450}.Debug|Any CPU.ActiveCfg = Debug|Any CPU
		{32951BA8-08FF-4034-89FE-19BB650C8450}.Debug|Any CPU.Build.0 = Debug|Any CPU
		{32951BA8-08FF-4034-89FE-19BB650C8450}.Release|Any CPU.ActiveCfg = Release|Any CPU
		{32951BA8-08FF-4034-89FE-19BB650C8450}.Release|Any CPU.Build.0 = Release|Any CPU
	EndGlobalSection
	GlobalSection(SolutionProperties) = preSolution
		HideSolutionNode = FALSE
	EndGlobalSection
	GlobalSection(ExtensibilityGlobals) = postSolution
		SolutionGuid = {A4A2E785-8F01-489F-B362-3A1E15B9AAF2}
	EndGlobalSection
EndGlobal
